// !$*UTF8*$!
{
	archiveVersion = 1;
	classes = {
	};
	objectVersion = 46;
	objects = {

/* Begin PBXBuildFile section */
		C91282351920C40A0031838A /* AttributedStringMaster.m in Sources */ = {isa = PBXBuildFile; fileRef = C91282341920C40A0031838A /* AttributedStringMaster.m */; };
		C91282391920C8A10031838A /* ButtonsHelper.m in Sources */ = {isa = PBXBuildFile; fileRef = C91282381920C8A10031838A /* ButtonsHelper.m */; };
		C912823D1920D9430031838A /* ProjectSettingsViewController.m in Sources */ = {isa = PBXBuildFile; fileRef = C912823C1920D9430031838A /* ProjectSettingsViewController.m */; };
		C91282411920DB620031838A /* ProjectSettings.m in Sources */ = {isa = PBXBuildFile; fileRef = C91282401920DB620031838A /* ProjectSettings.m */; };
		C9140D2F1922B40A00E18B08 /* ProjectDrawingObjectsTableViewController.m in Sources */ = {isa = PBXBuildFile; fileRef = C9140D2E1922B40A00E18B08 /* ProjectDrawingObjectsTableViewController.m */; };
		C9150A3E191D2CF700D9E5BB /* ProjectDrawViewController.m in Sources */ = {isa = PBXBuildFile; fileRef = C9150A3D191D2CF700D9E5BB /* ProjectDrawViewController.m */; };
		C9150A43191D315F00D9E5BB /* MainSplitViewController.m in Sources */ = {isa = PBXBuildFile; fileRef = C9150A42191D315F00D9E5BB /* MainSplitViewController.m */; };
		C9150A48191D40F900D9E5BB /* ProjectPictureView.m in Sources */ = {isa = PBXBuildFile; fileRef = C9150A47191D40F900D9E5BB /* ProjectPictureView.m */; };
		C9150A4C191D468700D9E5BB /* DrawingTouchesReceiverView.m in Sources */ = {isa = PBXBuildFile; fileRef = C9150A4B191D468700D9E5BB /* DrawingTouchesReceiverView.m */; };
		C9150A50191D4AA700D9E5BB /* DrawingObjectPointsMaster.m in Sources */ = {isa = PBXBuildFile; fileRef = C9150A4F191D4AA700D9E5BB /* DrawingObjectPointsMaster.m */; };
		C92CB421192141D7006CAC2D /* LineWidthPickerDataSource.m in Sources */ = {isa = PBXBuildFile; fileRef = C92CB420192141D7006CAC2D /* LineWidthPickerDataSource.m */; };
		C93AF09F191B708400A60A82 /* DrawingPoint.m in Sources */ = {isa = PBXBuildFile; fileRef = C93AF09E191B708400A60A82 /* DrawingPoint.m */; };
		C93AF0A3191B70DF00A60A82 /* RGBAColor.m in Sources */ = {isa = PBXBuildFile; fileRef = C93AF0A2191B70DF00A60A82 /* RGBAColor.m */; };
		C93AF0A7191B72D800A60A82 /* Project+ProjectAdditions.m in Sources */ = {isa = PBXBuildFile; fileRef = C93AF0A6191B72D800A60A82 /* Project+ProjectAdditions.m */; };
		C93AF0AA191B738B00A60A82 /* DrawingObject+DrawingObjectAdditions.m in Sources */ = {isa = PBXBuildFile; fileRef = C93AF0A9191B738B00A60A82 /* DrawingObject+DrawingObjectAdditions.m */; };
		C93D2649191A9FE0007A0FC6 /* DrawingObject.m in Sources */ = {isa = PBXBuildFile; fileRef = C99985CA191A9A29009E85D1 /* DrawingObject.m */; };
		C93D264A191A9FE7007A0FC6 /* Project.m in Sources */ = {isa = PBXBuildFile; fileRef = C99985CC191A9A29009E85D1 /* Project.m */; };
		C94BE0B3191B93F700D574E8 /* CoreDataSetup.m in Sources */ = {isa = PBXBuildFile; fileRef = C94BE0B2191B93F700D574E8 /* CoreDataSetup.m */; };
		C94BE0B7191B93F700D574E8 /* CoreDataHelper.m in Sources */ = {isa = PBXBuildFile; fileRef = C94BE0B6191B93F700D574E8 /* CoreDataHelper.m */; };
		C97A135619239C640034A23D /* CoreDataTableProvider.m in Sources */ = {isa = PBXBuildFile; fileRef = C97A135519239C640034A23D /* CoreDataTableProvider.m */; };
		C9998585191A8774009E85D1 /* Foundation.framework in Frameworks */ = {isa = PBXBuildFile; fileRef = C9998584191A8774009E85D1 /* Foundation.framework */; };
		C9998587191A8774009E85D1 /* CoreGraphics.framework in Frameworks */ = {isa = PBXBuildFile; fileRef = C9998586191A8774009E85D1 /* CoreGraphics.framework */; };
		C9998589191A8774009E85D1 /* UIKit.framework in Frameworks */ = {isa = PBXBuildFile; fileRef = C9998588191A8774009E85D1 /* UIKit.framework */; };
		C999858B191A8774009E85D1 /* CoreData.framework in Frameworks */ = {isa = PBXBuildFile; fileRef = C999858A191A8774009E85D1 /* CoreData.framework */; };
		C9998591191A8774009E85D1 /* InfoPlist.strings in Resources */ = {isa = PBXBuildFile; fileRef = C999858F191A8774009E85D1 /* InfoPlist.strings */; };
		C9998593191A8774009E85D1 /* main.m in Sources */ = {isa = PBXBuildFile; fileRef = C9998592191A8774009E85D1 /* main.m */; };
		C9998597191A8774009E85D1 /* AppDelegate.m in Sources */ = {isa = PBXBuildFile; fileRef = C9998596191A8774009E85D1 /* AppDelegate.m */; };
		C999859A191A8774009E85D1 /* Main.storyboard in Resources */ = {isa = PBXBuildFile; fileRef = C9998598191A8774009E85D1 /* Main.storyboard */; };
		C999859D191A8774009E85D1 /* DrawingApp.xcdatamodeld in Sources */ = {isa = PBXBuildFile; fileRef = C999859B191A8774009E85D1 /* DrawingApp.xcdatamodeld */; };
		C99985A5191A8774009E85D1 /* Images.xcassets in Resources */ = {isa = PBXBuildFile; fileRef = C99985A4191A8774009E85D1 /* Images.xcassets */; };
		C99985AC191A8774009E85D1 /* XCTest.framework in Frameworks */ = {isa = PBXBuildFile; fileRef = C99985AB191A8774009E85D1 /* XCTest.framework */; };
		C99985AD191A8774009E85D1 /* Foundation.framework in Frameworks */ = {isa = PBXBuildFile; fileRef = C9998584191A8774009E85D1 /* Foundation.framework */; };
		C99985AE191A8774009E85D1 /* UIKit.framework in Frameworks */ = {isa = PBXBuildFile; fileRef = C9998588191A8774009E85D1 /* UIKit.framework */; };
		C99985AF191A8774009E85D1 /* CoreData.framework in Frameworks */ = {isa = PBXBuildFile; fileRef = C999858A191A8774009E85D1 /* CoreData.framework */; };
		C99985B7191A8774009E85D1 /* InfoPlist.strings in Resources */ = {isa = PBXBuildFile; fileRef = C99985B5191A8774009E85D1 /* InfoPlist.strings */; };
		C99985B9191A8774009E85D1 /* DrawingAppTests.m in Sources */ = {isa = PBXBuildFile; fileRef = C99985B8191A8774009E85D1 /* DrawingAppTests.m */; };
		C99985DF191A9DAD009E85D1 /* ProjectDetailViewController.m in Sources */ = {isa = PBXBuildFile; fileRef = C99985DB191A9DAD009E85D1 /* ProjectDetailViewController.m */; };
		C99985E0191A9DAD009E85D1 /* ProjectListViewController.m in Sources */ = {isa = PBXBuildFile; fileRef = C99985DE191A9DAD009E85D1 /* ProjectListViewController.m */; };
		C9B6648B19221B7E00D952F5 /* PaletteViewController.m in Sources */ = {isa = PBXBuildFile; fileRef = C9B6648A19221B7E00D952F5 /* PaletteViewController.m */; };
		C9B6648F1922295700D952F5 /* ColorInPaletteView.m in Sources */ = {isa = PBXBuildFile; fileRef = C9B6648E1922295700D952F5 /* ColorInPaletteView.m */; };
/* End PBXBuildFile section */

/* Begin PBXContainerItemProxy section */
		C99985B0191A8774009E85D1 /* PBXContainerItemProxy */ = {
			isa = PBXContainerItemProxy;
			containerPortal = C9998579191A8774009E85D1 /* Project object */;
			proxyType = 1;
			remoteGlobalIDString = C9998580191A8774009E85D1;
			remoteInfo = DrawingApp;
		};
/* End PBXContainerItemProxy section */

/* Begin PBXFileReference section */
		C91282331920C40A0031838A /* AttributedStringMaster.h */ = {isa = PBXFileReference; fileEncoding = 4; lastKnownFileType = sourcecode.c.h; path = AttributedStringMaster.h; sourceTree = "<group>"; };
		C91282341920C40A0031838A /* AttributedStringMaster.m */ = {isa = PBXFileReference; fileEncoding = 4; lastKnownFileType = sourcecode.c.objc; path = AttributedStringMaster.m; sourceTree = "<group>"; };
		C91282371920C8A10031838A /* ButtonsHelper.h */ = {isa = PBXFileReference; fileEncoding = 4; lastKnownFileType = sourcecode.c.h; path = ButtonsHelper.h; sourceTree = "<group>"; };
		C91282381920C8A10031838A /* ButtonsHelper.m */ = {isa = PBXFileReference; fileEncoding = 4; lastKnownFileType = sourcecode.c.objc; path = ButtonsHelper.m; sourceTree = "<group>"; };
		C912823B1920D9430031838A /* ProjectSettingsViewController.h */ = {isa = PBXFileReference; fileEncoding = 4; lastKnownFileType = sourcecode.c.h; path = ProjectSettingsViewController.h; sourceTree = "<group>"; };
		C912823C1920D9430031838A /* ProjectSettingsViewController.m */ = {isa = PBXFileReference; fileEncoding = 4; lastKnownFileType = sourcecode.c.objc; path = ProjectSettingsViewController.m; sourceTree = "<group>"; };
		C912823F1920DB620031838A /* ProjectSettings.h */ = {isa = PBXFileReference; fileEncoding = 4; lastKnownFileType = sourcecode.c.h; path = ProjectSettings.h; sourceTree = "<group>"; };
		C91282401920DB620031838A /* ProjectSettings.m */ = {isa = PBXFileReference; fileEncoding = 4; lastKnownFileType = sourcecode.c.objc; path = ProjectSettings.m; sourceTree = "<group>"; };
		C9140D2D1922B40A00E18B08 /* ProjectDrawingObjectsTableViewController.h */ = {isa = PBXFileReference; fileEncoding = 4; lastKnownFileType = sourcecode.c.h; path = ProjectDrawingObjectsTableViewController.h; sourceTree = "<group>"; };
		C9140D2E1922B40A00E18B08 /* ProjectDrawingObjectsTableViewController.m */ = {isa = PBXFileReference; fileEncoding = 4; lastKnownFileType = sourcecode.c.objc; path = ProjectDrawingObjectsTableViewController.m; sourceTree = "<group>"; };
		C9150A3C191D2CF700D9E5BB /* ProjectDrawViewController.h */ = {isa = PBXFileReference; fileEncoding = 4; lastKnownFileType = sourcecode.c.h; path = ProjectDrawViewController.h; sourceTree = "<group>"; };
		C9150A3D191D2CF700D9E5BB /* ProjectDrawViewController.m */ = {isa = PBXFileReference; fileEncoding = 4; lastKnownFileType = sourcecode.c.objc; path = ProjectDrawViewController.m; sourceTree = "<group>"; };
		C9150A41191D315F00D9E5BB /* MainSplitViewController.h */ = {isa = PBXFileReference; fileEncoding = 4; lastKnownFileType = sourcecode.c.h; path = MainSplitViewController.h; sourceTree = "<group>"; };
		C9150A42191D315F00D9E5BB /* MainSplitViewController.m */ = {isa = PBXFileReference; fileEncoding = 4; lastKnownFileType = sourcecode.c.objc; path = MainSplitViewController.m; sourceTree = "<group>"; };
		C9150A46191D40F900D9E5BB /* ProjectPictureView.h */ = {isa = PBXFileReference; fileEncoding = 4; lastKnownFileType = sourcecode.c.h; path = ProjectPictureView.h; sourceTree = "<group>"; };
		C9150A47191D40F900D9E5BB /* ProjectPictureView.m */ = {isa = PBXFileReference; fileEncoding = 4; lastKnownFileType = sourcecode.c.objc; path = ProjectPictureView.m; sourceTree = "<group>"; };
		C9150A4A191D468700D9E5BB /* DrawingTouchesReceiverView.h */ = {isa = PBXFileReference; fileEncoding = 4; lastKnownFileType = sourcecode.c.h; path = DrawingTouchesReceiverView.h; sourceTree = "<group>"; };
		C9150A4B191D468700D9E5BB /* DrawingTouchesReceiverView.m */ = {isa = PBXFileReference; fileEncoding = 4; lastKnownFileType = sourcecode.c.objc; path = DrawingTouchesReceiverView.m; sourceTree = "<group>"; };
		C9150A4E191D4AA700D9E5BB /* DrawingObjectPointsMaster.h */ = {isa = PBXFileReference; fileEncoding = 4; lastKnownFileType = sourcecode.c.h; path = DrawingObjectPointsMaster.h; sourceTree = "<group>"; };
		C9150A4F191D4AA700D9E5BB /* DrawingObjectPointsMaster.m */ = {isa = PBXFileReference; fileEncoding = 4; lastKnownFileType = sourcecode.c.objc; path = DrawingObjectPointsMaster.m; sourceTree = "<group>"; };
		C9150A51191D4B7000D9E5BB /* DrawDefines.h */ = {isa = PBXFileReference; lastKnownFileType = sourcecode.c.h; path = DrawDefines.h; sourceTree = "<group>"; };
		C9150A53191D4D2800D9E5BB /* DrawingGestureReceiver.h */ = {isa = PBXFileReference; lastKnownFileType = sourcecode.c.h; path = DrawingGestureReceiver.h; sourceTree = "<group>"; };
		C92CB41F192141D7006CAC2D /* LineWidthPickerDataSource.h */ = {isa = PBXFileReference; fileEncoding = 4; lastKnownFileType = sourcecode.c.h; path = LineWidthPickerDataSource.h; sourceTree = "<group>"; };
		C92CB420192141D7006CAC2D /* LineWidthPickerDataSource.m */ = {isa = PBXFileReference; fileEncoding = 4; lastKnownFileType = sourcecode.c.objc; path = LineWidthPickerDataSource.m; sourceTree = "<group>"; };
		C93642B7191FB97100F5BD5B /* DrawingApp 2.xcdatamodel */ = {isa = PBXFileReference; lastKnownFileType = wrapper.xcdatamodel; path = "DrawingApp 2.xcdatamodel"; sourceTree = "<group>"; };
		C93AF09D191B708400A60A82 /* DrawingPoint.h */ = {isa = PBXFileReference; fileEncoding = 4; lastKnownFileType = sourcecode.c.h; path = DrawingPoint.h; sourceTree = "<group>"; };
		C93AF09E191B708400A60A82 /* DrawingPoint.m */ = {isa = PBXFileReference; fileEncoding = 4; lastKnownFileType = sourcecode.c.objc; path = DrawingPoint.m; sourceTree = "<group>"; };
		C93AF0A1191B70DF00A60A82 /* RGBAColor.h */ = {isa = PBXFileReference; fileEncoding = 4; lastKnownFileType = sourcecode.c.h; path = RGBAColor.h; sourceTree = "<group>"; };
		C93AF0A2191B70DF00A60A82 /* RGBAColor.m */ = {isa = PBXFileReference; fileEncoding = 4; lastKnownFileType = sourcecode.c.objc; path = RGBAColor.m; sourceTree = "<group>"; };
		C93AF0A5191B72D800A60A82 /* Project+ProjectAdditions.h */ = {isa = PBXFileReference; fileEncoding = 4; lastKnownFileType = sourcecode.c.h; path = "Project+ProjectAdditions.h"; sourceTree = "<group>"; };
		C93AF0A6191B72D800A60A82 /* Project+ProjectAdditions.m */ = {isa = PBXFileReference; fileEncoding = 4; lastKnownFileType = sourcecode.c.objc; path = "Project+ProjectAdditions.m"; sourceTree = "<group>"; };
		C93AF0A8191B738B00A60A82 /* DrawingObject+DrawingObjectAdditions.h */ = {isa = PBXFileReference; fileEncoding = 4; lastKnownFileType = sourcecode.c.h; path = "DrawingObject+DrawingObjectAdditions.h"; sourceTree = "<group>"; };
		C93AF0A9191B738B00A60A82 /* DrawingObject+DrawingObjectAdditions.m */ = {isa = PBXFileReference; fileEncoding = 4; lastKnownFileType = sourcecode.c.objc; path = "DrawingObject+DrawingObjectAdditions.m"; sourceTree = "<group>"; };
		C94BE0B1191B93F700D574E8 /* CoreDataSetup.h */ = {isa = PBXFileReference; fileEncoding = 4; lastKnownFileType = sourcecode.c.h; path = CoreDataSetup.h; sourceTree = "<group>"; };
		C94BE0B2191B93F700D574E8 /* CoreDataSetup.m */ = {isa = PBXFileReference; fileEncoding = 4; lastKnownFileType = sourcecode.c.objc; path = CoreDataSetup.m; sourceTree = "<group>"; };
		C94BE0B5191B93F700D574E8 /* CoreDataHelper.h */ = {isa = PBXFileReference; fileEncoding = 4; lastKnownFileType = sourcecode.c.h; path = CoreDataHelper.h; sourceTree = "<group>"; };
		C94BE0B6191B93F700D574E8 /* CoreDataHelper.m */ = {isa = PBXFileReference; fileEncoding = 4; lastKnownFileType = sourcecode.c.objc; path = CoreDataHelper.m; sourceTree = "<group>"; };
		C97A135419239C640034A23D /* CoreDataTableProvider.h */ = {isa = PBXFileReference; fileEncoding = 4; lastKnownFileType = sourcecode.c.h; path = CoreDataTableProvider.h; sourceTree = "<group>"; };
		C97A135519239C640034A23D /* CoreDataTableProvider.m */ = {isa = PBXFileReference; fileEncoding = 4; lastKnownFileType = sourcecode.c.objc; path = CoreDataTableProvider.m; sourceTree = "<group>"; };
		C9998581191A8774009E85D1 /* DrawingApp.app */ = {isa = PBXFileReference; explicitFileType = wrapper.application; includeInIndex = 0; path = DrawingApp.app; sourceTree = BUILT_PRODUCTS_DIR; };
		C9998584191A8774009E85D1 /* Foundation.framework */ = {isa = PBXFileReference; lastKnownFileType = wrapper.framework; name = Foundation.framework; path = System/Library/Frameworks/Foundation.framework; sourceTree = SDKROOT; };
		C9998586191A8774009E85D1 /* CoreGraphics.framework */ = {isa = PBXFileReference; lastKnownFileType = wrapper.framework; name = CoreGraphics.framework; path = System/Library/Frameworks/CoreGraphics.framework; sourceTree = SDKROOT; };
		C9998588191A8774009E85D1 /* UIKit.framework */ = {isa = PBXFileReference; lastKnownFileType = wrapper.framework; name = UIKit.framework; path = System/Library/Frameworks/UIKit.framework; sourceTree = SDKROOT; };
		C999858A191A8774009E85D1 /* CoreData.framework */ = {isa = PBXFileReference; lastKnownFileType = wrapper.framework; name = CoreData.framework; path = System/Library/Frameworks/CoreData.framework; sourceTree = SDKROOT; };
		C999858E191A8774009E85D1 /* DrawingApp-Info.plist */ = {isa = PBXFileReference; lastKnownFileType = text.plist.xml; path = "DrawingApp-Info.plist"; sourceTree = "<group>"; };
		C9998590191A8774009E85D1 /* en */ = {isa = PBXFileReference; lastKnownFileType = text.plist.strings; name = en; path = en.lproj/InfoPlist.strings; sourceTree = "<group>"; };
		C9998592191A8774009E85D1 /* main.m */ = {isa = PBXFileReference; lastKnownFileType = sourcecode.c.objc; path = main.m; sourceTree = "<group>"; };
		C9998594191A8774009E85D1 /* DrawingApp-Prefix.pch */ = {isa = PBXFileReference; lastKnownFileType = sourcecode.c.h; path = "DrawingApp-Prefix.pch"; sourceTree = "<group>"; };
		C9998595191A8774009E85D1 /* AppDelegate.h */ = {isa = PBXFileReference; lastKnownFileType = sourcecode.c.h; path = AppDelegate.h; sourceTree = "<group>"; };
		C9998596191A8774009E85D1 /* AppDelegate.m */ = {isa = PBXFileReference; lastKnownFileType = sourcecode.c.objc; path = AppDelegate.m; sourceTree = "<group>"; };
		C9998599191A8774009E85D1 /* Base */ = {isa = PBXFileReference; lastKnownFileType = file.storyboard; name = Base; path = Base.lproj/Main.storyboard; sourceTree = "<group>"; };
		C999859C191A8774009E85D1 /* DrawingApp.xcdatamodel */ = {isa = PBXFileReference; lastKnownFileType = wrapper.xcdatamodel; path = DrawingApp.xcdatamodel; sourceTree = "<group>"; };
		C99985A4191A8774009E85D1 /* Images.xcassets */ = {isa = PBXFileReference; lastKnownFileType = folder.assetcatalog; path = Images.xcassets; sourceTree = "<group>"; };
		C99985AA191A8774009E85D1 /* DrawingAppTests.xctest */ = {isa = PBXFileReference; explicitFileType = wrapper.cfbundle; includeInIndex = 0; path = DrawingAppTests.xctest; sourceTree = BUILT_PRODUCTS_DIR; };
		C99985AB191A8774009E85D1 /* XCTest.framework */ = {isa = PBXFileReference; lastKnownFileType = wrapper.framework; name = XCTest.framework; path = Library/Frameworks/XCTest.framework; sourceTree = DEVELOPER_DIR; };
		C99985B4191A8774009E85D1 /* DrawingAppTests-Info.plist */ = {isa = PBXFileReference; lastKnownFileType = text.plist.xml; path = "DrawingAppTests-Info.plist"; sourceTree = "<group>"; };
		C99985B6191A8774009E85D1 /* en */ = {isa = PBXFileReference; lastKnownFileType = text.plist.strings; name = en; path = en.lproj/InfoPlist.strings; sourceTree = "<group>"; };
		C99985B8191A8774009E85D1 /* DrawingAppTests.m */ = {isa = PBXFileReference; lastKnownFileType = sourcecode.c.objc; path = DrawingAppTests.m; sourceTree = "<group>"; };
		C99985C9191A9A29009E85D1 /* DrawingObject.h */ = {isa = PBXFileReference; fileEncoding = 4; lastKnownFileType = sourcecode.c.h; path = DrawingObject.h; sourceTree = "<group>"; };
		C99985CA191A9A29009E85D1 /* DrawingObject.m */ = {isa = PBXFileReference; fileEncoding = 4; lastKnownFileType = sourcecode.c.objc; path = DrawingObject.m; sourceTree = "<group>"; };
		C99985CB191A9A29009E85D1 /* Project.h */ = {isa = PBXFileReference; fileEncoding = 4; lastKnownFileType = sourcecode.c.h; path = Project.h; sourceTree = "<group>"; };
		C99985CC191A9A29009E85D1 /* Project.m */ = {isa = PBXFileReference; fileEncoding = 4; lastKnownFileType = sourcecode.c.objc; path = Project.m; sourceTree = "<group>"; };
		C99985DA191A9DAD009E85D1 /* ProjectDetailViewController.h */ = {isa = PBXFileReference; fileEncoding = 4; lastKnownFileType = sourcecode.c.h; path = ProjectDetailViewController.h; sourceTree = "<group>"; };
		C99985DB191A9DAD009E85D1 /* ProjectDetailViewController.m */ = {isa = PBXFileReference; fileEncoding = 4; lastKnownFileType = sourcecode.c.objc; path = ProjectDetailViewController.m; sourceTree = "<group>"; };
		C99985DD191A9DAD009E85D1 /* ProjectListViewController.h */ = {isa = PBXFileReference; fileEncoding = 4; lastKnownFileType = sourcecode.c.h; path = ProjectListViewController.h; sourceTree = "<group>"; };
		C99985DE191A9DAD009E85D1 /* ProjectListViewController.m */ = {isa = PBXFileReference; fileEncoding = 4; lastKnownFileType = sourcecode.c.objc; path = ProjectListViewController.m; sourceTree = "<group>"; };
		C9B6648919221B7E00D952F5 /* PaletteViewController.h */ = {isa = PBXFileReference; fileEncoding = 4; lastKnownFileType = sourcecode.c.h; path = PaletteViewController.h; sourceTree = "<group>"; };
		C9B6648A19221B7E00D952F5 /* PaletteViewController.m */ = {isa = PBXFileReference; fileEncoding = 4; lastKnownFileType = sourcecode.c.objc; path = PaletteViewController.m; sourceTree = "<group>"; };
		C9B6648D1922295700D952F5 /* ColorInPaletteView.h */ = {isa = PBXFileReference; fileEncoding = 4; lastKnownFileType = sourcecode.c.h; path = ColorInPaletteView.h; sourceTree = "<group>"; };
		C9B6648E1922295700D952F5 /* ColorInPaletteView.m */ = {isa = PBXFileReference; fileEncoding = 4; lastKnownFileType = sourcecode.c.objc; path = ColorInPaletteView.m; sourceTree = "<group>"; };
		C9B664901922360500D952F5 /* DrawingApp 3.xcdatamodel */ = {isa = PBXFileReference; lastKnownFileType = wrapper.xcdatamodel; path = "DrawingApp 3.xcdatamodel"; sourceTree = "<group>"; };
/* End PBXFileReference section */

/* Begin PBXFrameworksBuildPhase section */
		C999857E191A8774009E85D1 /* Frameworks */ = {
			isa = PBXFrameworksBuildPhase;
			buildActionMask = 2147483647;
			files = (
				C9998587191A8774009E85D1 /* CoreGraphics.framework in Frameworks */,
				C999858B191A8774009E85D1 /* CoreData.framework in Frameworks */,
				C9998589191A8774009E85D1 /* UIKit.framework in Frameworks */,
				C9998585191A8774009E85D1 /* Foundation.framework in Frameworks */,
			);
			runOnlyForDeploymentPostprocessing = 0;
		};
		C99985A7191A8774009E85D1 /* Frameworks */ = {
			isa = PBXFrameworksBuildPhase;
			buildActionMask = 2147483647;
			files = (
				C99985AC191A8774009E85D1 /* XCTest.framework in Frameworks */,
				C99985AF191A8774009E85D1 /* CoreData.framework in Frameworks */,
				C99985AE191A8774009E85D1 /* UIKit.framework in Frameworks */,
				C99985AD191A8774009E85D1 /* Foundation.framework in Frameworks */,
			);
			runOnlyForDeploymentPostprocessing = 0;
		};
/* End PBXFrameworksBuildPhase section */

/* Begin PBXGroup section */
		C91282321920C3B70031838A /* AttributedStringMaster */ = {
			isa = PBXGroup;
			children = (
				C91282331920C40A0031838A /* AttributedStringMaster.h */,
				C91282341920C40A0031838A /* AttributedStringMaster.m */,
			);
			path = AttributedStringMaster;
			sourceTree = "<group>";
		};
		C91282361920C8820031838A /* ButtonsHelper */ = {
			isa = PBXGroup;
			children = (
				C91282371920C8A10031838A /* ButtonsHelper.h */,
				C91282381920C8A10031838A /* ButtonsHelper.m */,
			);
			path = ButtonsHelper;
			sourceTree = "<group>";
		};
		C912823A1920D9240031838A /* ProjectSettings */ = {
			isa = PBXGroup;
			children = (
				C92CB41E192141CD006CAC2D /* LineWidthPickerDataSource */,
				C912823B1920D9430031838A /* ProjectSettingsViewController.h */,
				C912823C1920D9430031838A /* ProjectSettingsViewController.m */,
			);
			path = ProjectSettings;
			sourceTree = "<group>";
		};
		C912823E1920DB4C0031838A /* ProjectSettings */ = {
			isa = PBXGroup;
			children = (
				C912823F1920DB620031838A /* ProjectSettings.h */,
				C91282401920DB620031838A /* ProjectSettings.m */,
			);
			path = ProjectSettings;
			sourceTree = "<group>";
		};
		C9150A3B191D2CE000D9E5BB /* ProjectDraw */ = {
			isa = PBXGroup;
			children = (
				C9150A3C191D2CF700D9E5BB /* ProjectDrawViewController.h */,
				C9150A3D191D2CF700D9E5BB /* ProjectDrawViewController.m */,
			);
			path = ProjectDraw;
			sourceTree = "<group>";
		};
		C9150A40191D315300D9E5BB /* MainSplit */ = {
			isa = PBXGroup;
			children = (
				C9150A41191D315F00D9E5BB /* MainSplitViewController.h */,
				C9150A42191D315F00D9E5BB /* MainSplitViewController.m */,
			);
			path = MainSplit;
			sourceTree = "<group>";
		};
		C9150A44191D404B00D9E5BB /* Views */ = {
			isa = PBXGroup;
			children = (
				C9B6648C1922292400D952F5 /* ColorInPaletteView */,
				C9150A49191D460300D9E5BB /* DrawingTouchesReceiverView */,
				C9150A45191D40CC00D9E5BB /* ProjecPictureView */,
			);
			path = Views;
			sourceTree = "<group>";
		};
		C9150A45191D40CC00D9E5BB /* ProjecPictureView */ = {
			isa = PBXGroup;
			children = (
				C9150A46191D40F900D9E5BB /* ProjectPictureView.h */,
				C9150A47191D40F900D9E5BB /* ProjectPictureView.m */,
			);
			path = ProjecPictureView;
			sourceTree = "<group>";
		};
		C9150A49191D460300D9E5BB /* DrawingTouchesReceiverView */ = {
			isa = PBXGroup;
			children = (
				C9150A4A191D468700D9E5BB /* DrawingTouchesReceiverView.h */,
				C9150A4B191D468700D9E5BB /* DrawingTouchesReceiverView.m */,
			);
			path = DrawingTouchesReceiverView;
			sourceTree = "<group>";
		};
		C9150A4D191D4A2D00D9E5BB /* DrawingObjectPointsMaster */ = {
			isa = PBXGroup;
			children = (
				C9150A4E191D4AA700D9E5BB /* DrawingObjectPointsMaster.h */,
				C9150A4F191D4AA700D9E5BB /* DrawingObjectPointsMaster.m */,
			);
			path = DrawingObjectPointsMaster;
			sourceTree = "<group>";
		};
		C9150A52191D4D0A00D9E5BB /* Protocols */ = {
			isa = PBXGroup;
			children = (
				C9150A53191D4D2800D9E5BB /* DrawingGestureReceiver.h */,
			);
			path = Protocols;
			sourceTree = "<group>";
		};
		C92CB41E192141CD006CAC2D /* LineWidthPickerDataSource */ = {
			isa = PBXGroup;
			children = (
				C92CB41F192141D7006CAC2D /* LineWidthPickerDataSource.h */,
				C92CB420192141D7006CAC2D /* LineWidthPickerDataSource.m */,
			);
			path = LineWidthPickerDataSource;
			sourceTree = "<group>";
		};
		C93AF09C191B708400A60A82 /* DrawingPoint */ = {
			isa = PBXGroup;
			children = (
				C93AF09D191B708400A60A82 /* DrawingPoint.h */,
				C93AF09E191B708400A60A82 /* DrawingPoint.m */,
			);
			path = DrawingPoint;
			sourceTree = "<group>";
		};
		C93AF0A0191B70AA00A60A82 /* RGBAColor */ = {
			isa = PBXGroup;
			children = (
				C93AF0A1191B70DF00A60A82 /* RGBAColor.h */,
				C93AF0A2191B70DF00A60A82 /* RGBAColor.m */,
			);
			path = RGBAColor;
			sourceTree = "<group>";
		};
		C93AF0AC191B739F00A60A82 /* Project+ProjectAdditions */ = {
			isa = PBXGroup;
			children = (
				C93AF0A5191B72D800A60A82 /* Project+ProjectAdditions.h */,
				C93AF0A6191B72D800A60A82 /* Project+ProjectAdditions.m */,
			);
			name = "Project+ProjectAdditions";
			sourceTree = "<group>";
		};
		C93AF0AD191B73A900A60A82 /* DrawingObject+DrawingObjectAdditions */ = {
			isa = PBXGroup;
			children = (
				C93AF0A8191B738B00A60A82 /* DrawingObject+DrawingObjectAdditions.h */,
				C93AF0A9191B738B00A60A82 /* DrawingObject+DrawingObjectAdditions.m */,
			);
			name = "DrawingObject+DrawingObjectAdditions";
			sourceTree = "<group>";
		};
		C93D264B191AA553007A0FC6 /* Controllers */ = {
			isa = PBXGroup;
			children = (
				C97A135319239C640034A23D /* CoreDataTableProvider */,
				C912823E1920DB4C0031838A /* ProjectSettings */,
				C91282361920C8820031838A /* ButtonsHelper */,
				C91282321920C3B70031838A /* AttributedStringMaster */,
				C9150A4D191D4A2D00D9E5BB /* DrawingObjectPointsMaster */,
				C94BE0B4191B93F700D574E8 /* CoreDataHelper */,
				C94BE0B0191B93F700D574E8 /* CoreDataSetup */,
			);
			path = Controllers;
			sourceTree = "<group>";
		};
		C94BE0B0191B93F700D574E8 /* CoreDataSetup */ = {
			isa = PBXGroup;
			children = (
				C94BE0B1191B93F700D574E8 /* CoreDataSetup.h */,
				C94BE0B2191B93F700D574E8 /* CoreDataSetup.m */,
			);
			path = CoreDataSetup;
			sourceTree = "<group>";
		};
		C94BE0B4191B93F700D574E8 /* CoreDataHelper */ = {
			isa = PBXGroup;
			children = (
				C94BE0B5191B93F700D574E8 /* CoreDataHelper.h */,
				C94BE0B6191B93F700D574E8 /* CoreDataHelper.m */,
			);
			path = CoreDataHelper;
			sourceTree = "<group>";
		};
		C97A135319239C640034A23D /* CoreDataTableProvider */ = {
			isa = PBXGroup;
			children = (
				C97A135419239C640034A23D /* CoreDataTableProvider.h */,
				C97A135519239C640034A23D /* CoreDataTableProvider.m */,
			);
			path = CoreDataTableProvider;
			sourceTree = "<group>";
		};
		C9998578191A8774009E85D1 = {
			isa = PBXGroup;
			children = (
				C999858C191A8774009E85D1 /* DrawingApp */,
				C99985B2191A8774009E85D1 /* DrawingAppTests */,
				C9998583191A8774009E85D1 /* Frameworks */,
				C9998582191A8774009E85D1 /* Products */,
			);
			sourceTree = "<group>";
		};
		C9998582191A8774009E85D1 /* Products */ = {
			isa = PBXGroup;
			children = (
				C9998581191A8774009E85D1 /* DrawingApp.app */,
				C99985AA191A8774009E85D1 /* DrawingAppTests.xctest */,
			);
			name = Products;
			sourceTree = "<group>";
		};
		C9998583191A8774009E85D1 /* Frameworks */ = {
			isa = PBXGroup;
			children = (
				C9998584191A8774009E85D1 /* Foundation.framework */,
				C9998586191A8774009E85D1 /* CoreGraphics.framework */,
				C9998588191A8774009E85D1 /* UIKit.framework */,
				C999858A191A8774009E85D1 /* CoreData.framework */,
				C99985AB191A8774009E85D1 /* XCTest.framework */,
			);
			name = Frameworks;
			sourceTree = "<group>";
		};
		C999858C191A8774009E85D1 /* DrawingApp */ = {
			isa = PBXGroup;
			children = (
				C9150A52191D4D0A00D9E5BB /* Protocols */,
				C9150A44191D404B00D9E5BB /* Views */,
				C99985D8191A9DAD009E85D1 /* ViewControllers */,
				C93D264B191AA553007A0FC6 /* Controllers */,
				C99985C8191A9A29009E85D1 /* Models */,
				C9998595191A8774009E85D1 /* AppDelegate.h */,
				C9998596191A8774009E85D1 /* AppDelegate.m */,
				C9998598191A8774009E85D1 /* Main.storyboard */,
				C99985A4191A8774009E85D1 /* Images.xcassets */,
				C999859B191A8774009E85D1 /* DrawingApp.xcdatamodeld */,
				C999858D191A8774009E85D1 /* Supporting Files */,
				C9150A51191D4B7000D9E5BB /* DrawDefines.h */,
			);
			path = DrawingApp;
			sourceTree = "<group>";
		};
		C999858D191A8774009E85D1 /* Supporting Files */ = {
			isa = PBXGroup;
			children = (
				C999858E191A8774009E85D1 /* DrawingApp-Info.plist */,
				C999858F191A8774009E85D1 /* InfoPlist.strings */,
				C9998592191A8774009E85D1 /* main.m */,
				C9998594191A8774009E85D1 /* DrawingApp-Prefix.pch */,
			);
			name = "Supporting Files";
			sourceTree = "<group>";
		};
		C99985B2191A8774009E85D1 /* DrawingAppTests */ = {
			isa = PBXGroup;
			children = (
				C99985B8191A8774009E85D1 /* DrawingAppTests.m */,
				C99985B3191A8774009E85D1 /* Supporting Files */,
			);
			path = DrawingAppTests;
			sourceTree = "<group>";
		};
		C99985B3191A8774009E85D1 /* Supporting Files */ = {
			isa = PBXGroup;
			children = (
				C99985B4191A8774009E85D1 /* DrawingAppTests-Info.plist */,
				C99985B5191A8774009E85D1 /* InfoPlist.strings */,
			);
			name = "Supporting Files";
			sourceTree = "<group>";
		};
		C99985C8191A9A29009E85D1 /* Models */ = {
			isa = PBXGroup;
			children = (
				C93AF0A0191B70AA00A60A82 /* RGBAColor */,
				C93AF09C191B708400A60A82 /* DrawingPoint */,
				C99985D5191A9CCD009E85D1 /* DrawingObject */,
				C99985D6191A9CDE009E85D1 /* Project */,
				C93AF0AC191B739F00A60A82 /* Project+ProjectAdditions */,
				C93AF0AD191B73A900A60A82 /* DrawingObject+DrawingObjectAdditions */,
			);
			path = Models;
			sourceTree = "<group>";
		};
		C99985D5191A9CCD009E85D1 /* DrawingObject */ = {
			isa = PBXGroup;
			children = (
				C99985C9191A9A29009E85D1 /* DrawingObject.h */,
				C99985CA191A9A29009E85D1 /* DrawingObject.m */,
			);
			name = DrawingObject;
			sourceTree = "<group>";
		};
		C99985D6191A9CDE009E85D1 /* Project */ = {
			isa = PBXGroup;
			children = (
				C99985CB191A9A29009E85D1 /* Project.h */,
				C99985CC191A9A29009E85D1 /* Project.m */,
			);
			name = Project;
			sourceTree = "<group>";
		};
		C99985D8191A9DAD009E85D1 /* ViewControllers */ = {
			isa = PBXGroup;
			children = (
				C9B6649119224BC400D952F5 /* ProjectDrawingObjects */,
				C9B6648819221B5A00D952F5 /* Palette */,
				C912823A1920D9240031838A /* ProjectSettings */,
				C9150A40191D315300D9E5BB /* MainSplit */,
				C9150A3B191D2CE000D9E5BB /* ProjectDraw */,
				C99985DC191A9DAD009E85D1 /* ProjectList */,
				C99985D9191A9DAD009E85D1 /* ProjectDetail */,
			);
			path = ViewControllers;
			sourceTree = "<group>";
		};
		C99985D9191A9DAD009E85D1 /* ProjectDetail */ = {
			isa = PBXGroup;
			children = (
				C99985DA191A9DAD009E85D1 /* ProjectDetailViewController.h */,
				C99985DB191A9DAD009E85D1 /* ProjectDetailViewController.m */,
			);
			path = ProjectDetail;
			sourceTree = "<group>";
		};
		C99985DC191A9DAD009E85D1 /* ProjectList */ = {
			isa = PBXGroup;
			children = (
				C99985DD191A9DAD009E85D1 /* ProjectListViewController.h */,
				C99985DE191A9DAD009E85D1 /* ProjectListViewController.m */,
			);
			path = ProjectList;
			sourceTree = "<group>";
		};
		C9B6648819221B5A00D952F5 /* Palette */ = {
			isa = PBXGroup;
			children = (
				C9B6648919221B7E00D952F5 /* PaletteViewController.h */,
				C9B6648A19221B7E00D952F5 /* PaletteViewController.m */,
			);
			path = Palette;
			sourceTree = "<group>";
		};
		C9B6648C1922292400D952F5 /* ColorInPaletteView */ = {
			isa = PBXGroup;
			children = (
				C9B6648D1922295700D952F5 /* ColorInPaletteView.h */,
				C9B6648E1922295700D952F5 /* ColorInPaletteView.m */,
			);
			path = ColorInPaletteView;
			sourceTree = "<group>";
		};
		C9B6649119224BC400D952F5 /* ProjectDrawingObjects */ = {
			isa = PBXGroup;
			children = (
				C9140D2D1922B40A00E18B08 /* ProjectDrawingObjectsTableViewController.h */,
				C9140D2E1922B40A00E18B08 /* ProjectDrawingObjectsTableViewController.m */,
			);
			name = ProjectDrawingObjects;
			sourceTree = "<group>";
		};
/* End PBXGroup section */

/* Begin PBXNativeTarget section */
		C9998580191A8774009E85D1 /* DrawingApp */ = {
			isa = PBXNativeTarget;
			buildConfigurationList = C99985BC191A8774009E85D1 /* Build configuration list for PBXNativeTarget "DrawingApp" */;
			buildPhases = (
				C999857D191A8774009E85D1 /* Sources */,
				C999857E191A8774009E85D1 /* Frameworks */,
				C999857F191A8774009E85D1 /* Resources */,
			);
			buildRules = (
			);
			dependencies = (
			);
			name = DrawingApp;
			productName = DrawingApp;
			productReference = C9998581191A8774009E85D1 /* DrawingApp.app */;
			productType = "com.apple.product-type.application";
		};
		C99985A9191A8774009E85D1 /* DrawingAppTests */ = {
			isa = PBXNativeTarget;
			buildConfigurationList = C99985BF191A8774009E85D1 /* Build configuration list for PBXNativeTarget "DrawingAppTests" */;
			buildPhases = (
				C99985A6191A8774009E85D1 /* Sources */,
				C99985A7191A8774009E85D1 /* Frameworks */,
				C99985A8191A8774009E85D1 /* Resources */,
			);
			buildRules = (
			);
			dependencies = (
				C99985B1191A8774009E85D1 /* PBXTargetDependency */,
			);
			name = DrawingAppTests;
			productName = DrawingAppTests;
			productReference = C99985AA191A8774009E85D1 /* DrawingAppTests.xctest */;
			productType = "com.apple.product-type.bundle.unit-test";
		};
/* End PBXNativeTarget section */

/* Begin PBXProject section */
		C9998579191A8774009E85D1 /* Project object */ = {
			isa = PBXProject;
			attributes = {
				LastUpgradeCheck = 0510;
				ORGANIZATIONNAME = "Maxim Letushov";
				TargetAttributes = {
					C99985A9191A8774009E85D1 = {
						TestTargetID = C9998580191A8774009E85D1;
					};
				};
			};
			buildConfigurationList = C999857C191A8774009E85D1 /* Build configuration list for PBXProject "DrawingApp" */;
			compatibilityVersion = "Xcode 3.2";
			developmentRegion = English;
			hasScannedForEncodings = 0;
			knownRegions = (
				en,
				Base,
			);
			mainGroup = C9998578191A8774009E85D1;
			productRefGroup = C9998582191A8774009E85D1 /* Products */;
			projectDirPath = "";
			projectRoot = "";
			targets = (
				C9998580191A8774009E85D1 /* DrawingApp */,
				C99985A9191A8774009E85D1 /* DrawingAppTests */,
			);
		};
/* End PBXProject section */

/* Begin PBXResourcesBuildPhase section */
		C999857F191A8774009E85D1 /* Resources */ = {
			isa = PBXResourcesBuildPhase;
			buildActionMask = 2147483647;
			files = (
				C99985A5191A8774009E85D1 /* Images.xcassets in Resources */,
				C9998591191A8774009E85D1 /* InfoPlist.strings in Resources */,
				C999859A191A8774009E85D1 /* Main.storyboard in Resources */,
			);
			runOnlyForDeploymentPostprocessing = 0;
		};
		C99985A8191A8774009E85D1 /* Resources */ = {
			isa = PBXResourcesBuildPhase;
			buildActionMask = 2147483647;
			files = (
				C99985B7191A8774009E85D1 /* InfoPlist.strings in Resources */,
			);
			runOnlyForDeploymentPostprocessing = 0;
		};
/* End PBXResourcesBuildPhase section */

/* Begin PBXSourcesBuildPhase section */
		C999857D191A8774009E85D1 /* Sources */ = {
			isa = PBXSourcesBuildPhase;
			buildActionMask = 2147483647;
			files = (
				C9150A50191D4AA700D9E5BB /* DrawingObjectPointsMaster.m in Sources */,
				C9150A4C191D468700D9E5BB /* DrawingTouchesReceiverView.m in Sources */,
				C93AF0AA191B738B00A60A82 /* DrawingObject+DrawingObjectAdditions.m in Sources */,
				C97A135619239C640034A23D /* CoreDataTableProvider.m in Sources */,
				C9B6648F1922295700D952F5 /* ColorInPaletteView.m in Sources */,
				C93D264A191A9FE7007A0FC6 /* Project.m in Sources */,
				C93D2649191A9FE0007A0FC6 /* DrawingObject.m in Sources */,
				C912823D1920D9430031838A /* ProjectSettingsViewController.m in Sources */,
				C9998597191A8774009E85D1 /* AppDelegate.m in Sources */,
				C92CB421192141D7006CAC2D /* LineWidthPickerDataSource.m in Sources */,
				C91282411920DB620031838A /* ProjectSettings.m in Sources */,
				C9150A43191D315F00D9E5BB /* MainSplitViewController.m in Sources */,
				C91282391920C8A10031838A /* ButtonsHelper.m in Sources */,
				C94BE0B7191B93F700D574E8 /* CoreDataHelper.m in Sources */,
				C99985DF191A9DAD009E85D1 /* ProjectDetailViewController.m in Sources */,
				C93AF0A3191B70DF00A60A82 /* RGBAColor.m in Sources */,
				C99985E0191A9DAD009E85D1 /* ProjectListViewController.m in Sources */,
				C9140D2F1922B40A00E18B08 /* ProjectDrawingObjectsTableViewController.m in Sources */,
				C999859D191A8774009E85D1 /* DrawingApp.xcdatamodeld in Sources */,
				C9150A48191D40F900D9E5BB /* ProjectPictureView.m in Sources */,
				C9998593191A8774009E85D1 /* main.m in Sources */,
				C93AF0A7191B72D800A60A82 /* Project+ProjectAdditions.m in Sources */,
				C9150A3E191D2CF700D9E5BB /* ProjectDrawViewController.m in Sources */,
				C94BE0B3191B93F700D574E8 /* CoreDataSetup.m in Sources */,
				C91282351920C40A0031838A /* AttributedStringMaster.m in Sources */,
				C93AF09F191B708400A60A82 /* DrawingPoint.m in Sources */,
				C9B6648B19221B7E00D952F5 /* PaletteViewController.m in Sources */,
			);
			runOnlyForDeploymentPostprocessing = 0;
		};
		C99985A6191A8774009E85D1 /* Sources */ = {
			isa = PBXSourcesBuildPhase;
			buildActionMask = 2147483647;
			files = (
				C99985B9191A8774009E85D1 /* DrawingAppTests.m in Sources */,
			);
			runOnlyForDeploymentPostprocessing = 0;
		};
/* End PBXSourcesBuildPhase section */

/* Begin PBXTargetDependency section */
		C99985B1191A8774009E85D1 /* PBXTargetDependency */ = {
			isa = PBXTargetDependency;
			target = C9998580191A8774009E85D1 /* DrawingApp */;
			targetProxy = C99985B0191A8774009E85D1 /* PBXContainerItemProxy */;
		};
/* End PBXTargetDependency section */

/* Begin PBXVariantGroup section */
		C999858F191A8774009E85D1 /* InfoPlist.strings */ = {
			isa = PBXVariantGroup;
			children = (
				C9998590191A8774009E85D1 /* en */,
			);
			name = InfoPlist.strings;
			sourceTree = "<group>";
		};
		C9998598191A8774009E85D1 /* Main.storyboard */ = {
			isa = PBXVariantGroup;
			children = (
				C9998599191A8774009E85D1 /* Base */,
			);
			name = Main.storyboard;
			sourceTree = "<group>";
		};
		C99985B5191A8774009E85D1 /* InfoPlist.strings */ = {
			isa = PBXVariantGroup;
			children = (
				C99985B6191A8774009E85D1 /* en */,
			);
			name = InfoPlist.strings;
			sourceTree = "<group>";
		};
/* End PBXVariantGroup section */

/* Begin XCBuildConfiguration section */
		C99985BA191A8774009E85D1 /* Debug */ = {
			isa = XCBuildConfiguration;
			buildSettings = {
				ALWAYS_SEARCH_USER_PATHS = NO;
				CLANG_CXX_LANGUAGE_STANDARD = "gnu++0x";
				CLANG_CXX_LIBRARY = "libc++";
				CLANG_ENABLE_MODULES = YES;
				CLANG_ENABLE_OBJC_ARC = YES;
				CLANG_WARN_BOOL_CONVERSION = YES;
				CLANG_WARN_CONSTANT_CONVERSION = YES;
				CLANG_WARN_DIRECT_OBJC_ISA_USAGE = YES_ERROR;
				CLANG_WARN_EMPTY_BODY = YES;
				CLANG_WARN_ENUM_CONVERSION = YES;
				CLANG_WARN_INT_CONVERSION = YES;
				CLANG_WARN_OBJC_ROOT_CLASS = YES_ERROR;
				CLANG_WARN__DUPLICATE_METHOD_MATCH = YES;
				"CODE_SIGN_IDENTITY[sdk=iphoneos*]" = "iPhone Developer";
				COPY_PHASE_STRIP = NO;
				GCC_C_LANGUAGE_STANDARD = gnu99;
				GCC_DYNAMIC_NO_PIC = NO;
				GCC_OPTIMIZATION_LEVEL = 0;
				GCC_PREPROCESSOR_DEFINITIONS = (
					"DEBUG=1",
					"$(inherited)",
				);
				GCC_SYMBOLS_PRIVATE_EXTERN = NO;
				GCC_WARN_64_TO_32_BIT_CONVERSION = YES;
				GCC_WARN_ABOUT_RETURN_TYPE = YES_ERROR;
				GCC_WARN_UNDECLARED_SELECTOR = YES;
				GCC_WARN_UNINITIALIZED_AUTOS = YES_AGGRESSIVE;
				GCC_WARN_UNUSED_FUNCTION = YES;
				GCC_WARN_UNUSED_VARIABLE = YES;
				IPHONEOS_DEPLOYMENT_TARGET = 7.1;
				ONLY_ACTIVE_ARCH = YES;
				SDKROOT = iphoneos;
				TARGETED_DEVICE_FAMILY = 2;
			};
			name = Debug;
		};
		C99985BB191A8774009E85D1 /* Release */ = {
			isa = XCBuildConfiguration;
			buildSettings = {
				ALWAYS_SEARCH_USER_PATHS = NO;
				CLANG_CXX_LANGUAGE_STANDARD = "gnu++0x";
				CLANG_CXX_LIBRARY = "libc++";
				CLANG_ENABLE_MODULES = YES;
				CLANG_ENABLE_OBJC_ARC = YES;
				CLANG_WARN_BOOL_CONVERSION = YES;
				CLANG_WARN_CONSTANT_CONVERSION = YES;
				CLANG_WARN_DIRECT_OBJC_ISA_USAGE = YES_ERROR;
				CLANG_WARN_EMPTY_BODY = YES;
				CLANG_WARN_ENUM_CONVERSION = YES;
				CLANG_WARN_INT_CONVERSION = YES;
				CLANG_WARN_OBJC_ROOT_CLASS = YES_ERROR;
				CLANG_WARN__DUPLICATE_METHOD_MATCH = YES;
				"CODE_SIGN_IDENTITY[sdk=iphoneos*]" = "iPhone Developer";
				COPY_PHASE_STRIP = YES;
				ENABLE_NS_ASSERTIONS = NO;
				GCC_C_LANGUAGE_STANDARD = gnu99;
				GCC_WARN_64_TO_32_BIT_CONVERSION = YES;
				GCC_WARN_ABOUT_RETURN_TYPE = YES_ERROR;
				GCC_WARN_UNDECLARED_SELECTOR = YES;
				GCC_WARN_UNINITIALIZED_AUTOS = YES_AGGRESSIVE;
				GCC_WARN_UNUSED_FUNCTION = YES;
				GCC_WARN_UNUSED_VARIABLE = YES;
				IPHONEOS_DEPLOYMENT_TARGET = 7.1;
				SDKROOT = iphoneos;
				TARGETED_DEVICE_FAMILY = 2;
				VALIDATE_PRODUCT = YES;
			};
			name = Release;
		};
		C99985BD191A8774009E85D1 /* Debug */ = {
			isa = XCBuildConfiguration;
			buildSettings = {
				ASSETCATALOG_COMPILER_APPICON_NAME = AppIcon;
				ASSETCATALOG_COMPILER_LAUNCHIMAGE_NAME = LaunchImage;
				GCC_PRECOMPILE_PREFIX_HEADER = YES;
				GCC_PREFIX_HEADER = "DrawingApp/DrawingApp-Prefix.pch";
				INFOPLIST_FILE = "DrawingApp/DrawingApp-Info.plist";
				PRODUCT_NAME = "$(TARGET_NAME)";
				WRAPPER_EXTENSION = app;
			};
			name = Debug;
		};
		C99985BE191A8774009E85D1 /* Release */ = {
			isa = XCBuildConfiguration;
			buildSettings = {
				ASSETCATALOG_COMPILER_APPICON_NAME = AppIcon;
				ASSETCATALOG_COMPILER_LAUNCHIMAGE_NAME = LaunchImage;
				GCC_PRECOMPILE_PREFIX_HEADER = YES;
				GCC_PREFIX_HEADER = "DrawingApp/DrawingApp-Prefix.pch";
				INFOPLIST_FILE = "DrawingApp/DrawingApp-Info.plist";
				PRODUCT_NAME = "$(TARGET_NAME)";
				WRAPPER_EXTENSION = app;
			};
			name = Release;
		};
		C99985C0191A8774009E85D1 /* Debug */ = {
			isa = XCBuildConfiguration;
			buildSettings = {
				BUNDLE_LOADER = "$(BUILT_PRODUCTS_DIR)/DrawingApp.app/DrawingApp";
				FRAMEWORK_SEARCH_PATHS = (
					"$(SDKROOT)/Developer/Library/Frameworks",
					"$(inherited)",
					"$(DEVELOPER_FRAMEWORKS_DIR)",
				);
				GCC_PRECOMPILE_PREFIX_HEADER = YES;
				GCC_PREFIX_HEADER = "DrawingApp/DrawingApp-Prefix.pch";
				GCC_PREPROCESSOR_DEFINITIONS = (
					"DEBUG=1",
					"$(inherited)",
				);
				INFOPLIST_FILE = "DrawingAppTests/DrawingAppTests-Info.plist";
				PRODUCT_NAME = "$(TARGET_NAME)";
				TEST_HOST = "$(BUNDLE_LOADER)";
				WRAPPER_EXTENSION = xctest;
			};
			name = Debug;
		};
		C99985C1191A8774009E85D1 /* Release */ = {
			isa = XCBuildConfiguration;
			buildSettings = {
				BUNDLE_LOADER = "$(BUILT_PRODUCTS_DIR)/DrawingApp.app/DrawingApp";
				FRAMEWORK_SEARCH_PATHS = (
					"$(SDKROOT)/Developer/Library/Frameworks",
					"$(inherited)",
					"$(DEVELOPER_FRAMEWORKS_DIR)",
				);
				GCC_PRECOMPILE_PREFIX_HEADER = YES;
				GCC_PREFIX_HEADER = "DrawingApp/DrawingApp-Prefix.pch";
				INFOPLIST_FILE = "DrawingAppTests/DrawingAppTests-Info.plist";
				PRODUCT_NAME = "$(TARGET_NAME)";
				TEST_HOST = "$(BUNDLE_LOADER)";
				WRAPPER_EXTENSION = xctest;
			};
			name = Release;
		};
/* End XCBuildConfiguration section */

/* Begin XCConfigurationList section */
		C999857C191A8774009E85D1 /* Build configuration list for PBXProject "DrawingApp" */ = {
			isa = XCConfigurationList;
			buildConfigurations = (
				C99985BA191A8774009E85D1 /* Debug */,
				C99985BB191A8774009E85D1 /* Release */,
			);
			defaultConfigurationIsVisible = 0;
			defaultConfigurationName = Release;
		};
		C99985BC191A8774009E85D1 /* Build configuration list for PBXNativeTarget "DrawingApp" */ = {
			isa = XCConfigurationList;
			buildConfigurations = (
				C99985BD191A8774009E85D1 /* Debug */,
				C99985BE191A8774009E85D1 /* Release */,
			);
			defaultConfigurationIsVisible = 0;
			defaultConfigurationName = Release;
		};
		C99985BF191A8774009E85D1 /* Build configuration list for PBXNativeTarget "DrawingAppTests" */ = {
			isa = XCConfigurationList;
			buildConfigurations = (
				C99985C0191A8774009E85D1 /* Debug */,
				C99985C1191A8774009E85D1 /* Release */,
			);
			defaultConfigurationIsVisible = 0;
			defaultConfigurationName = Release;
		};
/* End XCConfigurationList section */

/* Begin XCVersionGroup section */
		C999859B191A8774009E85D1 /* DrawingApp.xcdatamodeld */ = {
			isa = XCVersionGroup;
			children = (
				C93642B7191FB97100F5BD5B /* DrawingApp 2.xcdatamodel */,
				C9B664901922360500D952F5 /* DrawingApp 3.xcdatamodel */,
				C999859C191A8774009E85D1 /* DrawingApp.xcdatamodel */,
			);
			currentVersion = C9B664901922360500D952F5 /* DrawingApp 3.xcdatamodel */;
			path = DrawingApp.xcdatamodeld;
			sourceTree = "<group>";
			versionGroupType = wrapper.xcdatamodel;
		};
/* End XCVersionGroup section */
	};
	rootObject = C9998579191A8774009E85D1 /* Project object */;
}
